// !$*UTF8*$!
{
	archiveVersion = 1;
	classes = {
	};
	objectVersion = 46;
	objects = {

/* Begin PBXBuildFile section */
		3FF9811F19D2B0AE00E39E15 /* AppDelegate.swift in Sources */ = {isa = PBXBuildFile; fileRef = 3FF9811E19D2B0AE00E39E15 /* AppDelegate.swift */; };
		3FF9812119D2B0AE00E39E15 /* ViewController.swift in Sources */ = {isa = PBXBuildFile; fileRef = 3FF9812019D2B0AE00E39E15 /* ViewController.swift */; };
		3FF9812419D2B0AE00E39E15 /* Main.storyboard in Resources */ = {isa = PBXBuildFile; fileRef = 3FF9812219D2B0AE00E39E15 /* Main.storyboard */; };
		3FF9812619D2B0AE00E39E15 /* Images.xcassets in Resources */ = {isa = PBXBuildFile; fileRef = 3FF9812519D2B0AE00E39E15 /* Images.xcassets */; };
		3FF9812919D2B0AE00E39E15 /* LaunchScreen.xib in Resources */ = {isa = PBXBuildFile; fileRef = 3FF9812719D2B0AE00E39E15 /* LaunchScreen.xib */; };
		3FF9813519D2B0AE00E39E15 /* TableViewMenuTests.swift in Sources */ = {isa = PBXBuildFile; fileRef = 3FF9813419D2B0AE00E39E15 /* TableViewMenuTests.swift */; };
		3FF9814119D2B60B00E39E15 /* Bus.png in Resources */ = {isa = PBXBuildFile; fileRef = 3FF9813E19D2B60B00E39E15 /* Bus.png */; };
		3FF9814219D2B60B00E39E15 /* Helicopter.png in Resources */ = {isa = PBXBuildFile; fileRef = 3FF9813F19D2B60B00E39E15 /* Helicopter.png */; };
		3FF9814319D2B60B00E39E15 /* Truck.png in Resources */ = {isa = PBXBuildFile; fileRef = 3FF9814019D2B60B00E39E15 /* Truck.png */; };
/* End PBXBuildFile section */

/* Begin PBXContainerItemProxy section */
		3FF9812F19D2B0AE00E39E15 /* PBXContainerItemProxy */ = {
			isa = PBXContainerItemProxy;
			containerPortal = 3FF9811119D2B0AE00E39E15 /* Project object */;
			proxyType = 1;
			remoteGlobalIDString = 3FF9811819D2B0AE00E39E15;
			remoteInfo = TableViewMenu;
		};
/* End PBXContainerItemProxy section */

/* Begin PBXFileReference section */
		3FF9811919D2B0AE00E39E15 /* TableViewMenu.app */ = {isa = PBXFileReference; explicitFileType = wrapper.application; includeInIndex = 0; path = TableViewMenu.app; sourceTree = BUILT_PRODUCTS_DIR; };
		3FF9811D19D2B0AE00E39E15 /* Info.plist */ = {isa = PBXFileReference; lastKnownFileType = text.plist.xml; path = Info.plist; sourceTree = "<group>"; };
		3FF9811E19D2B0AE00E39E15 /* AppDelegate.swift */ = {isa = PBXFileReference; lastKnownFileType = sourcecode.swift; path = AppDelegate.swift; sourceTree = "<group>"; };
		3FF9812019D2B0AE00E39E15 /* ViewController.swift */ = {isa = PBXFileReference; lastKnownFileType = sourcecode.swift; path = ViewController.swift; sourceTree = "<group>"; };
		3FF9812319D2B0AE00E39E15 /* Base */ = {isa = PBXFileReference; lastKnownFileType = file.storyboard; name = Base; path = Base.lproj/Main.storyboard; sourceTree = "<group>"; };
		3FF9812519D2B0AE00E39E15 /* Images.xcassets */ = {isa = PBXFileReference; lastKnownFileType = folder.assetcatalog; path = Images.xcassets; sourceTree = "<group>"; };
		3FF9812819D2B0AE00E39E15 /* Base */ = {isa = PBXFileReference; lastKnownFileType = file.xib; name = Base; path = Base.lproj/LaunchScreen.xib; sourceTree = "<group>"; };
		3FF9812E19D2B0AE00E39E15 /* TableViewMenuTests.xctest */ = {isa = PBXFileReference; explicitFileType = wrapper.cfbundle; includeInIndex = 0; path = TableViewMenuTests.xctest; sourceTree = BUILT_PRODUCTS_DIR; };
		3FF9813319D2B0AE00E39E15 /* Info.plist */ = {isa = PBXFileReference; lastKnownFileType = text.plist.xml; path = Info.plist; sourceTree = "<group>"; };
		3FF9813419D2B0AE00E39E15 /* TableViewMenuTests.swift */ = {isa = PBXFileReference; lastKnownFileType = sourcecode.swift; path = TableViewMenuTests.swift; sourceTree = "<group>"; };
		3FF9813E19D2B60B00E39E15 /* Bus.png */ = {isa = PBXFileReference; lastKnownFileType = image.png; path = Bus.png; sourceTree = "<group>"; };
		3FF9813F19D2B60B00E39E15 /* Helicopter.png */ = {isa = PBXFileReference; lastKnownFileType = image.png; path = Helicopter.png; sourceTree = "<group>"; };
		3FF9814019D2B60B00E39E15 /* Truck.png */ = {isa = PBXFileReference; lastKnownFileType = image.png; path = Truck.png; sourceTree = "<group>"; };
/* End PBXFileReference section */

/* Begin PBXFrameworksBuildPhase section */
		3FF9811619D2B0AE00E39E15 /* Frameworks */ = {
			isa = PBXFrameworksBuildPhase;
			buildActionMask = 2147483647;
			files = (
			);
			runOnlyForDeploymentPostprocessing = 0;
		};
		3FF9812B19D2B0AE00E39E15 /* Frameworks */ = {
			isa = PBXFrameworksBuildPhase;
			buildActionMask = 2147483647;
			files = (
			);
			runOnlyForDeploymentPostprocessing = 0;
		};
/* End PBXFrameworksBuildPhase section */

/* Begin PBXGroup section */
		3FF9811019D2B0AE00E39E15 = {
			isa = PBXGroup;
			children = (
				3FF9811B19D2B0AE00E39E15 /* TableViewMenu */,
				3FF9813119D2B0AE00E39E15 /* TableViewMenuTests */,
				3FF9811A19D2B0AE00E39E15 /* Products */,
			);
			sourceTree = "<group>";
		};
		3FF9811A19D2B0AE00E39E15 /* Products */ = {
			isa = PBXGroup;
			children = (
				3FF9811919D2B0AE00E39E15 /* TableViewMenu.app */,
				3FF9812E19D2B0AE00E39E15 /* TableViewMenuTests.xctest */,
			);
			name = Products;
			sourceTree = "<group>";
		};
		3FF9811B19D2B0AE00E39E15 /* TableViewMenu */ = {
			isa = PBXGroup;
			children = (
				3FF9811E19D2B0AE00E39E15 /* AppDelegate.swift */,
				3FF9812019D2B0AE00E39E15 /* ViewController.swift */,
				3FF9812219D2B0AE00E39E15 /* Main.storyboard */,
				3FF9812519D2B0AE00E39E15 /* Images.xcassets */,
				3FF9812719D2B0AE00E39E15 /* LaunchScreen.xib */,
				3FF9811C19D2B0AE00E39E15 /* Supporting Files */,
			);
			path = TableViewMenu;
			sourceTree = "<group>";
		};
		3FF9811C19D2B0AE00E39E15 /* Supporting Files */ = {
			isa = PBXGroup;
			children = (
				3FF9813E19D2B60B00E39E15 /* Bus.png */,
				3FF9813F19D2B60B00E39E15 /* Helicopter.png */,
				3FF9814019D2B60B00E39E15 /* Truck.png */,
				3FF9811D19D2B0AE00E39E15 /* Info.plist */,
			);
			name = "Supporting Files";
			sourceTree = "<group>";
		};
		3FF9813119D2B0AE00E39E15 /* TableViewMenuTests */ = {
			isa = PBXGroup;
			children = (
				3FF9813419D2B0AE00E39E15 /* TableViewMenuTests.swift */,
				3FF9813219D2B0AE00E39E15 /* Supporting Files */,
			);
			path = TableViewMenuTests;
			sourceTree = "<group>";
		};
		3FF9813219D2B0AE00E39E15 /* Supporting Files */ = {
			isa = PBXGroup;
			children = (
				3FF9813319D2B0AE00E39E15 /* Info.plist */,
			);
			name = "Supporting Files";
			sourceTree = "<group>";
		};
/* End PBXGroup section */

/* Begin PBXNativeTarget section */
		3FF9811819D2B0AE00E39E15 /* TableViewMenu */ = {
			isa = PBXNativeTarget;
			buildConfigurationList = 3FF9813819D2B0AE00E39E15 /* Build configuration list for PBXNativeTarget "TableViewMenu" */;
			buildPhases = (
				3FF9811519D2B0AE00E39E15 /* Sources */,
				3FF9811619D2B0AE00E39E15 /* Frameworks */,
				3FF9811719D2B0AE00E39E15 /* Resources */,
			);
			buildRules = (
			);
			dependencies = (
			);
			name = TableViewMenu;
			productName = TableViewMenu;
			productReference = 3FF9811919D2B0AE00E39E15 /* TableViewMenu.app */;
			productType = "com.apple.product-type.application";
		};
		3FF9812D19D2B0AE00E39E15 /* TableViewMenuTests */ = {
			isa = PBXNativeTarget;
			buildConfigurationList = 3FF9813B19D2B0AE00E39E15 /* Build configuration list for PBXNativeTarget "TableViewMenuTests" */;
			buildPhases = (
				3FF9812A19D2B0AE00E39E15 /* Sources */,
				3FF9812B19D2B0AE00E39E15 /* Frameworks */,
				3FF9812C19D2B0AE00E39E15 /* Resources */,
			);
			buildRules = (
			);
			dependencies = (
				3FF9813019D2B0AE00E39E15 /* PBXTargetDependency */,
			);
			name = TableViewMenuTests;
			productName = TableViewMenuTests;
			productReference = 3FF9812E19D2B0AE00E39E15 /* TableViewMenuTests.xctest */;
			productType = "com.apple.product-type.bundle.unit-test";
		};
/* End PBXNativeTarget section */

/* Begin PBXProject section */
		3FF9811119D2B0AE00E39E15 /* Project object */ = {
			isa = PBXProject;
			attributes = {
				LastUpgradeCheck = 0600;
				ORGANIZATIONNAME = student;
				TargetAttributes = {
					3FF9811819D2B0AE00E39E15 = {
						CreatedOnToolsVersion = 6.0;
					};
					3FF9812D19D2B0AE00E39E15 = {
						CreatedOnToolsVersion = 6.0;
						TestTargetID = 3FF9811819D2B0AE00E39E15;
					};
				};
			};
			buildConfigurationList = 3FF9811419D2B0AE00E39E15 /* Build configuration list for PBXProject "TableViewMenu" */;
			compatibilityVersion = "Xcode 3.2";
			developmentRegion = English;
			hasScannedForEncodings = 0;
			knownRegions = (
				en,
				Base,
			);
			mainGroup = 3FF9811019D2B0AE00E39E15;
			productRefGroup = 3FF9811A19D2B0AE00E39E15 /* Products */;
			projectDirPath = "";
			projectRoot = "";
			targets = (
				3FF9811819D2B0AE00E39E15 /* TableViewMenu */,
				3FF9812D19D2B0AE00E39E15 /* TableViewMenuTests */,
			);
		};
/* End PBXProject section */

/* Begin PBXResourcesBuildPhase section */
		3FF9811719D2B0AE00E39E15 /* Resources */ = {
			isa = PBXResourcesBuildPhase;
			buildActionMask = 2147483647;
			files = (
				3FF9814219D2B60B00E39E15 /* Helicopter.png in Resources */,
				3FF9814119D2B60B00E39E15 /* Bus.png in Resources */,
				3FF9812419D2B0AE00E39E15 /* Main.storyboard in Resources */,
				3FF9814319D2B60B00E39E15 /* Truck.png in Resources */,
				3FF9812919D2B0AE00E39E15 /* LaunchScreen.xib in Resources */,
				3FF9812619D2B0AE00E39E15 /* Images.xcassets in Resources */,
			);
			runOnlyForDeploymentPostprocessing = 0;
		};
		3FF9812C19D2B0AE00E39E15 /* Resources */ = {
			isa = PBXResourcesBuildPhase;
			buildActionMask = 2147483647;
			files = (
			);
			runOnlyForDeploymentPostprocessing = 0;
		};
/* End PBXResourcesBuildPhase section */

/* Begin PBXSourcesBuildPhase section */
		3FF9811519D2B0AE00E39E15 /* Sources */ = {
			isa = PBXSourcesBuildPhase;
			buildActionMask = 2147483647;
			files = (
				3FF9812119D2B0AE00E39E15 /* ViewController.swift in Sources */,
				3FF9811F19D2B0AE00E39E15 /* AppDelegate.swift in Sources */,
			);
			runOnlyForDeploymentPostprocessing = 0;
		};
		3FF9812A19D2B0AE00E39E15 /* Sources */ = {
			isa = PBXSourcesBuildPhase;
			buildActionMask = 2147483647;
			files = (
				3FF9813519D2B0AE00E39E15 /* TableViewMenuTests.swift in Sources */,
			);
			runOnlyForDeploymentPostprocessing = 0;
		};
/* End PBXSourcesBuildPhase section */

/* Begin PBXTargetDependency section */
		3FF9813019D2B0AE00E39E15 /* PBXTargetDependency */ = {
			isa = PBXTargetDependency;
			target = 3FF9811819D2B0AE00E39E15 /* TableViewMenu */;
			targetProxy = 3FF9812F19D2B0AE00E39E15 /* PBXContainerItemProxy */;
		};
/* End PBXTargetDependency section */

/* Begin PBXVariantGroup section */
		3FF9812219D2B0AE00E39E15 /* Main.storyboard */ = {
			isa = PBXVariantGroup;
			children = (
				3FF9812319D2B0AE00E39E15 /* Base */,
			);
			name = Main.storyboard;
			sourceTree = "<group>";
		};
		3FF9812719D2B0AE00E39E15 /* LaunchScreen.xib */ = {
			isa = PBXVariantGroup;
			children = (
				3FF9812819D2B0AE00E39E15 /* Base */,
			);
			name = LaunchScreen.xib;
			sourceTree = "<group>";
		};
/* End PBXVariantGroup section */

/* Begin XCBuildConfiguration section */
		3FF9813619D2B0AE00E39E15 /* Debug */ = {
			isa = XCBuildConfiguration;
			buildSettings = {
				ALWAYS_SEARCH_USER_PATHS = NO;
				CLANG_CXX_LANGUAGE_STANDARD = "gnu++0x";
				CLANG_CXX_LIBRARY = "libc++";
				CLANG_ENABLE_MODULES = YES;
				CLANG_ENABLE_OBJC_ARC = YES;
				CLANG_WARN_BOOL_CONVERSION = YES;
				CLANG_WARN_CONSTANT_CONVERSION = YES;
				CLANG_WARN_DIRECT_OBJC_ISA_USAGE = YES_ERROR;
				CLANG_WARN_EMPTY_BODY = YES;
				CLANG_WARN_ENUM_CONVERSION = YES;
				CLANG_WARN_INT_CONVERSION = YES;
				CLANG_WARN_OBJC_ROOT_CLASS = YES_ERROR;
				CLANG_WARN_UNREACHABLE_CODE = YES;
				CLANG_WARN__DUPLICATE_METHOD_MATCH = YES;
				"CODE_SIGN_IDENTITY[sdk=iphoneos*]" = "iPhone Developer";
				COPY_PHASE_STRIP = NO;
				ENABLE_STRICT_OBJC_MSGSEND = YES;
				GCC_C_LANGUAGE_STANDARD = gnu99;
				GCC_DYNAMIC_NO_PIC = NO;
				GCC_OPTIMIZATION_LEVEL = 0;
				GCC_PREPROCESSOR_DEFINITIONS = (
					"DEBUG=1",
					"$(inherited)",
				);
				GCC_SYMBOLS_PRIVATE_EXTERN = NO;
				GCC_WARN_64_TO_32_BIT_CONVERSION = YES;
				GCC_WARN_ABOUT_RETURN_TYPE = YES_ERROR;
				GCC_WARN_UNDECLARED_SELECTOR = YES;
				GCC_WARN_UNINITIALIZED_AUTOS = YES_AGGRESSIVE;
				GCC_WARN_UNUSED_FUNCTION = YES;
				GCC_WARN_UNUSED_VARIABLE = YES;
				IPHONEOS_DEPLOYMENT_TARGET = 8.0;
				MTL_ENABLE_DEBUG_INFO = YES;
				ONLY_ACTIVE_ARCH = YES;
				SDKROOT = iphoneos;
				SWIFT_OPTIMIZATION_LEVEL = "-Onone";
			};
			name = Debug;
		};
		3FF9813719D2B0AE00E39E15 /* Release */ = {
			isa = XCBuildConfiguration;
			buildSettings = {
				ALWAYS_SEARCH_USER_PATHS = NO;
				CLANG_CXX_LANGUAGE_STANDARD = "gnu++0x";
				CLANG_CXX_LIBRARY = "libc++";
				CLANG_ENABLE_MODULES = YES;
				CLANG_ENABLE_OBJC_ARC = YES;
				CLANG_WARN_BOOL_CONVERSION = YES;
				CLANG_WARN_CONSTANT_CONVERSION = YES;
				CLANG_WARN_DIRECT_OBJC_ISA_USAGE = YES_ERROR;
				CLANG_WARN_EMPTY_BODY = YES;
				CLANG_WARN_ENUM_CONVERSION = YES;
				CLANG_WARN_INT_CONVERSION = YES;
				CLANG_WARN_OBJC_ROOT_CLASS = YES_ERROR;
				CLANG_WARN_UNREACHABLE_CODE = YES;
				CLANG_WARN__DUPLICATE_METHOD_MATCH = YES;
				"CODE_SIGN_IDENTITY[sdk=iphoneos*]" = "iPhone Developer";
				COPY_PHASE_STRIP = YES;
				ENABLE_NS_ASSERTIONS = NO;
				ENABLE_STRICT_OBJC_MSGSEND = YES;
				GCC_C_LANGUAGE_STANDARD = gnu99;
				GCC_WARN_64_TO_32_BIT_CONVERSION = YES;
				GCC_WARN_ABOUT_RETURN_TYPE = YES_ERROR;
				GCC_WARN_UNDECLARED_SELECTOR = YES;
				GCC_WARN_UNINITIALIZED_AUTOS = YES_AGGRESSIVE;
				GCC_WARN_UNUSED_FUNCTION = YES;
				GCC_WARN_UNUSED_VARIABLE = YES;
				IPHONEOS_DEPLOYMENT_TARGET = 8.0;
				MTL_ENABLE_DEBUG_INFO = NO;
				SDKROOT = iphoneos;
				VALIDATE_PRODUCT = YES;
			};
			name = Release;
		};
		3FF9813919D2B0AE00E39E15 /* Debug */ = {
			isa = XCBuildConfiguration;
			buildSettings = {
				ASSETCATALOG_COMPILER_APPICON_NAME = AppIcon;
				INFOPLIST_FILE = TableViewMenu/Info.plist;
				LD_RUNPATH_SEARCH_PATHS = "$(inherited) @executable_path/Frameworks";
				PRODUCT_NAME = "$(TARGET_NAME)";
			};
			name = Debug;
		};
		3FF9813A19D2B0AE00E39E15 /* Release */ = {
			isa = XCBuildConfiguration;
			buildSettings = {
				ASSETCATALOG_COMPILER_APPICON_NAME = AppIcon;
				INFOPLIST_FILE = TableViewMenu/Info.plist;
				LD_RUNPATH_SEARCH_PATHS = "$(inherited) @executable_path/Frameworks";
				PRODUCT_NAME = "$(TARGET_NAME)";
			};
			name = Release;
		};
		3FF9813C19D2B0AE00E39E15 /* Debug */ = {
			isa = XCBuildConfiguration;
			buildSettings = {
				BUNDLE_LOADER = "$(TEST_HOST)";
				FRAMEWORK_SEARCH_PATHS = (
					"$(SDKROOT)/Developer/Library/Frameworks",
					"$(inherited)",
				);
				GCC_PREPROCESSOR_DEFINITIONS = (
					"DEBUG=1",
					"$(inherited)",
				);
				INFOPLIST_FILE = TableViewMenuTests/Info.plist;
				LD_RUNPATH_SEARCH_PATHS = "$(inherited) @executable_path/Frameworks @loader_path/Frameworks";
				PRODUCT_NAME = "$(TARGET_NAME)";
				TEST_HOST = "$(BUILT_PRODUCTS_DIR)/TableViewMenu.app/TableViewMenu";
			};
			name = Debug;
		};
		3FF9813D19D2B0AE00E39E15 /* Release */ = {
			isa = XCBuildConfiguration;
			buildSettings = {
				BUNDLE_LOADER = "$(TEST_HOST)";
				FRAMEWORK_SEARCH_PATHS = (
					"$(SDKROOT)/Developer/Library/Frameworks",
					"$(inherited)",
				);
				INFOPLIST_FILE = TableViewMenuTests/Info.plist;
				LD_RUNPATH_SEARCH_PATHS = "$(inherited) @executable_path/Frameworks @loader_path/Frameworks";
				PRODUCT_NAME = "$(TARGET_NAME)";
				TEST_HOST = "$(BUILT_PRODUCTS_DIR)/TableViewMenu.app/TableViewMenu";
			};
			name = Release;
		};
/* End XCBuildConfiguration section */

/* Begin XCConfigurationList section */
		3FF9811419D2B0AE00E39E15 /* Build configuration list for PBXProject "TableViewMenu" */ = {
			isa = XCConfigurationList;
			buildConfigurations = (
				3FF9813619D2B0AE00E39E15 /* Debug */,
				3FF9813719D2B0AE00E39E15 /* Release */,
			);
			defaultConfigurationIsVisible = 0;
			defaultConfigurationName = Release;
		};
		3FF9813819D2B0AE00E39E15 /* Build configuration list for PBXNativeTarget "TableViewMenu" */ = {
			isa = XCConfigurationList;
			buildConfigurations = (
				3FF9813919D2B0AE00E39E15 /* Debug */,
				3FF9813A19D2B0AE00E39E15 /* Release */,
			);
			defaultConfigurationIsVisible = 0;
		};
		3FF9813B19D2B0AE00E39E15 /* Build configuration list for PBXNativeTarget "TableViewMenuTests" */ = {
			isa = XCConfigurationList;
			buildConfigurations = (
				3FF9813C19D2B0AE00E39E15 /* Debug */,
				3FF9813D19D2B0AE00E39E15 /* Release */,
			);
			defaultConfigurationIsVisible = 0;
		};
/* End XCConfigurationList section */
	};
	rootObject = 3FF9811119D2B0AE00E39E15 /* Project object */;
}
